{
    "version": 3,
    "terraform_version": "0.11.1",
    "serial": 1,
    "lineage": "2f50d1a9-f626-481f-ad6c-272ff2820484",
    "modules": [
        {
            "path": [
                "root"
            ],
            "outputs": {
                "network1-output1": {
                    "sensitive": false,
                    "type": "list",
                    "value": [
                        "virsh net-update network610 add-last ip-dhcp-host --xml \"\u003chost mac='32:87:02:43:26:03' ip='10.6.10.1'/\u003e\" --live --config"
                    ]
                }
            },
            "resources": {
                "data.template_file.deploy_dhcp_network": {
                    "type": "template_file",
                    "depends_on": [],
                    "primary": {
                        "id": "8ab509244e745b199915a1a75a942d6e263ff538ac50cc3eb8e6da50efc60c05",
                        "attributes": {
                            "id": "8ab509244e745b199915a1a75a942d6e263ff538ac50cc3eb8e6da50efc60c05",
                            "rendered": "virsh net-update network610 add-last ip-dhcp-host --xml \"\u003chost mac='32:87:02:43:26:03' ip='10.6.10.1'/\u003e\" --live --config",
                            "template": "virsh net-update ${network_name} add-last ip-dhcp-host --xml \"\u003chost mac='${mac_address}' ip='${ip_address}'/\u003e\" --live --config",
                            "vars.%": "3",
                            "vars.ip_address": "10.6.10.1",
                            "vars.mac_address": "32:87:02:43:26:03",
                            "vars.network_name": "network610"
                        },
                        "meta": {},
                        "tainted": false
                    },
                    "deposed": [],
                    "provider": "provider.template"
                },
                "data.template_file.vm_resize_deploy_root_volume": {
                    "type": "template_file",
                    "depends_on": [
                        "libvirt_volume.deploy_root_volume"
                    ],
                    "primary": {
                        "id": "7c990586458679a21572632aa9e45717a610c69ed6b7640db503670e6d28dd62",
                        "attributes": {
                            "id": "7c990586458679a21572632aa9e45717a610c69ed6b7640db503670e6d28dd62",
                            "rendered": "qemu-img resize /data01/kvm-vol-pool/kube-iot-pool/kube-iot-infra_vol.img +70G",
                            "template": "qemu-img resize ${volume_path}/${volume_name} +${volume_size}G",
                            "vars.%": "3",
                            "vars.volume_name": "kube-iot-infra_vol.img",
                            "vars.volume_path": "/data01/kvm-vol-pool/kube-iot-pool",
                            "vars.volume_size": "70"
                        },
                        "meta": {},
                        "tainted": false
                    },
                    "deposed": [],
                    "provider": "provider.template"
                },
                "libvirt_cloudinit.cloud_init_deploy": {
                    "type": "libvirt_cloudinit",
                    "depends_on": [],
                    "primary": {
                        "id": "/data01/kvm-vol-pool/kube-iot-pool/kube-iot-infra_cloudinit.iso;5dad6e7f-9a58-7555-0a19-d52612010918",
                        "attributes": {
                            "id": "/data01/kvm-vol-pool/kube-iot-pool/kube-iot-infra_cloudinit.iso;5dad6e7f-9a58-7555-0a19-d52612010918",
                            "local_hostname": "kube-iot-infra",
                            "name": "kube-iot-infra_cloudinit.iso",
                            "pool": "kube-iot-pool",
                            "ssh_authorized_key": "ssh-rsa AAAAB3NzaC1yc2EAAAADAQABAAABAQDVfWqgJ1lYIr+AQrYvcc+wAt44MCVG4xN6qwJpxH8qD2lVelz5JGABZvHH/uvsa0l+CuvZlpFuK19zBmYri+hbudF60hsh4li1GdwW2ug2s5THvEWEFMu2ZJNc5ou2iNWiU0+FZ2YbTUtlsoa6wfhkQks2tUunmU/f7HokJTQtS9Z3b0EmG+Li6zC0HEdTYqGbNByd9EmKrywBahlLE2DuxzZiAyPKTJm/sT8a12rIJmuplHoaD/JddTPDFaDhEEtMkOodFbF2MXMj6b/iNOrcGnbbD1MFNOcwfdCEgyJLiCXn+uJLZb1k4J8rt2m3EnXWZAwtieUKqXaIVWmcmqPl root@cyuu",
                            "user_data": "#cloud-config\nchpasswd:\n  expire: false\npassword: password\nssh_authorized_keys:\n- ssh-rsa AAAAB3NzaC1yc2EAAAADAQABAAABAQDVfWqgJ1lYIr+AQrYvcc+wAt44MCVG4xN6qwJpxH8qD2lVelz5JGABZvHH/uvsa0l+CuvZlpFuK19zBmYri+hbudF60hsh4li1GdwW2ug2s5THvEWEFMu2ZJNc5ou2iNWiU0+FZ2YbTUtlsoa6wfhkQks2tUunmU/f7HokJTQtS9Z3b0EmG+Li6zC0HEdTYqGbNByd9EmKrywBahlLE2DuxzZiAyPKTJm/sT8a12rIJmuplHoaD/JddTPDFaDhEEtMkOodFbF2MXMj6b/iNOrcGnbbD1MFNOcwfdCEgyJLiCXn+uJLZb1k4J8rt2m3EnXWZAwtieUKqXaIVWmcmqPl\n  root@cyuu\nssh_pwauth: true\n"
                        },
                        "meta": {},
                        "tainted": false
                    },
                    "deposed": [],
                    "provider": "provider.libvirt"
                },
                "libvirt_volume.centos7_image": {
                    "type": "libvirt_volume",
                    "depends_on": [],
                    "primary": {
                        "id": "/data01/kvm-vol-pool/kube-iot-pool/centos7_image.qcow2",
                        "attributes": {
                            "id": "/data01/kvm-vol-pool/kube-iot-pool/centos7_image.qcow2",
                            "name": "centos7_image.qcow2",
                            "pool": "kube-iot-pool",
                            "size": "8589934592",
                            "source": "../images/CentOS-7-x86_64-GenericCloud-1907.qcow2"
                        },
                        "meta": {},
                        "tainted": false
                    },
                    "deposed": [],
                    "provider": "provider.libvirt"
                },
                "libvirt_volume.deploy_root_volume": {
                    "type": "libvirt_volume",
                    "depends_on": [
                        "libvirt_volume.centos7_image"
                    ],
                    "primary": {
                        "id": "/data01/kvm-vol-pool/kube-iot-pool/kube-iot-infra_vol.img",
                        "attributes": {
                            "base_volume_id": "/data01/kvm-vol-pool/kube-iot-pool/centos7_image.qcow2",
                            "id": "/data01/kvm-vol-pool/kube-iot-pool/kube-iot-infra_vol.img",
                            "name": "kube-iot-infra_vol.img",
                            "pool": "kube-iot-pool",
                            "size": "8589934592"
                        },
                        "meta": {},
                        "tainted": false
                    },
                    "deposed": [],
                    "provider": "provider.libvirt"
                },
                "null_resource.run_deploy_dhcp_network": {
                    "type": "null_resource",
                    "depends_on": [
                        "data.template_file.deploy_dhcp_network"
                    ],
                    "primary": {
                        "id": "7207545882683844037",
                        "attributes": {
                            "id": "7207545882683844037"
                        },
                        "meta": {},
                        "tainted": false
                    },
                    "deposed": [],
                    "provider": "provider.null"
                },
                "null_resource.run_vm_resize_deploy_root_volume": {
                    "type": "null_resource",
                    "depends_on": [
                        "data.template_file.vm_resize_deploy_root_volume"
                    ],
                    "primary": {
                        "id": "7868466395275426956",
                        "attributes": {
                            "id": "7868466395275426956"
                        },
                        "meta": {},
                        "tainted": false
                    },
                    "deposed": [],
                    "provider": "provider.null"
                }
            },
            "depends_on": []
        }
    ]
}
