{
    "version": 3,
    "terraform_version": "0.11.1",
    "serial": 2,
    "lineage": "729fb13c-7a72-40e2-b96a-48a1be537b42",
    "modules": [
        {
            "path": [
                "root"
            ],
            "outputs": {
                "network1-output1": {
                    "sensitive": false,
                    "type": "list",
                    "value": [
                        "virsh net-update network610 add-last ip-dhcp-host --xml \"\u003chost mac='32:87:02:43:26:21' ip='10.6.10.21'/\u003e\" --live --config",
                        "virsh net-update network610 add-last ip-dhcp-host --xml \"\u003chost mac='32:87:02:43:26:22' ip='10.6.10.22'/\u003e\" --live --config",
                        "virsh net-update network610 add-last ip-dhcp-host --xml \"\u003chost mac='32:87:02:43:26:23' ip='10.6.10.23'/\u003e\" --live --config",
                        "virsh net-update network610 add-last ip-dhcp-host --xml \"\u003chost mac='32:87:02:43:26:31' ip='10.6.10.31'/\u003e\" --live --config",
                        "virsh net-update network610 add-last ip-dhcp-host --xml \"\u003chost mac='32:87:02:43:26:32' ip='10.6.10.32'/\u003e\" --live --config",
                        "virsh net-update network610 add-last ip-dhcp-host --xml \"\u003chost mac='32:87:02:43:26:33' ip='10.6.10.33'/\u003e\" --live --config"
                    ]
                }
            },
            "resources": {
                "data.template_file.vm_mon_dhcp_network.0": {
                    "type": "template_file",
                    "depends_on": [],
                    "primary": {
                        "id": "f1a877d69f1b09434da5d6131c6557f3f4873a8354cb145ad28d098e4b00ed2e",
                        "attributes": {
                            "id": "f1a877d69f1b09434da5d6131c6557f3f4873a8354cb145ad28d098e4b00ed2e",
                            "rendered": "virsh net-update network610 add-last ip-dhcp-host --xml \"\u003chost mac='32:87:02:43:26:21' ip='10.6.10.21'/\u003e\" --live --config",
                            "template": "virsh net-update ${network_name} add-last ip-dhcp-host --xml \"\u003chost mac='${mac_address}' ip='${ip_address}'/\u003e\" --live --config",
                            "vars.%": "3",
                            "vars.ip_address": "10.6.10.21",
                            "vars.mac_address": "32:87:02:43:26:21",
                            "vars.network_name": "network610"
                        },
                        "meta": {},
                        "tainted": false
                    },
                    "deposed": [],
                    "provider": "provider.template"
                },
                "data.template_file.vm_mon_dhcp_network.1": {
                    "type": "template_file",
                    "depends_on": [],
                    "primary": {
                        "id": "123f4485eedd9cba5ffd74958309f63b1f5e2a05917f49e5cd6d962d2b481b6a",
                        "attributes": {
                            "id": "123f4485eedd9cba5ffd74958309f63b1f5e2a05917f49e5cd6d962d2b481b6a",
                            "rendered": "virsh net-update network610 add-last ip-dhcp-host --xml \"\u003chost mac='32:87:02:43:26:22' ip='10.6.10.22'/\u003e\" --live --config",
                            "template": "virsh net-update ${network_name} add-last ip-dhcp-host --xml \"\u003chost mac='${mac_address}' ip='${ip_address}'/\u003e\" --live --config",
                            "vars.%": "3",
                            "vars.ip_address": "10.6.10.22",
                            "vars.mac_address": "32:87:02:43:26:22",
                            "vars.network_name": "network610"
                        },
                        "meta": {},
                        "tainted": false
                    },
                    "deposed": [],
                    "provider": "provider.template"
                },
                "data.template_file.vm_mon_dhcp_network.2": {
                    "type": "template_file",
                    "depends_on": [],
                    "primary": {
                        "id": "1dd33ae61f6837c5d7ad00c2d31f2855825b6dc2bbdc5e6cc148d6ddd19c6357",
                        "attributes": {
                            "id": "1dd33ae61f6837c5d7ad00c2d31f2855825b6dc2bbdc5e6cc148d6ddd19c6357",
                            "rendered": "virsh net-update network610 add-last ip-dhcp-host --xml \"\u003chost mac='32:87:02:43:26:23' ip='10.6.10.23'/\u003e\" --live --config",
                            "template": "virsh net-update ${network_name} add-last ip-dhcp-host --xml \"\u003chost mac='${mac_address}' ip='${ip_address}'/\u003e\" --live --config",
                            "vars.%": "3",
                            "vars.ip_address": "10.6.10.23",
                            "vars.mac_address": "32:87:02:43:26:23",
                            "vars.network_name": "network610"
                        },
                        "meta": {},
                        "tainted": false
                    },
                    "deposed": [],
                    "provider": "provider.template"
                },
                "data.template_file.vm_mon_dhcp_network.3": {
                    "type": "template_file",
                    "depends_on": [],
                    "primary": {
                        "id": "49900ed86388e0f14898bee162888640bb2f410551a2264a2478ef41d16cddb6",
                        "attributes": {
                            "id": "49900ed86388e0f14898bee162888640bb2f410551a2264a2478ef41d16cddb6",
                            "rendered": "virsh net-update network610 add-last ip-dhcp-host --xml \"\u003chost mac='32:87:02:43:26:31' ip='10.6.10.31'/\u003e\" --live --config",
                            "template": "virsh net-update ${network_name} add-last ip-dhcp-host --xml \"\u003chost mac='${mac_address}' ip='${ip_address}'/\u003e\" --live --config",
                            "vars.%": "3",
                            "vars.ip_address": "10.6.10.31",
                            "vars.mac_address": "32:87:02:43:26:31",
                            "vars.network_name": "network610"
                        },
                        "meta": {},
                        "tainted": false
                    },
                    "deposed": [],
                    "provider": "provider.template"
                },
                "data.template_file.vm_mon_dhcp_network.4": {
                    "type": "template_file",
                    "depends_on": [],
                    "primary": {
                        "id": "fd41f733796fd171f089a842d6e29760f76fd7b444008db2524448881b4dc756",
                        "attributes": {
                            "id": "fd41f733796fd171f089a842d6e29760f76fd7b444008db2524448881b4dc756",
                            "rendered": "virsh net-update network610 add-last ip-dhcp-host --xml \"\u003chost mac='32:87:02:43:26:32' ip='10.6.10.32'/\u003e\" --live --config",
                            "template": "virsh net-update ${network_name} add-last ip-dhcp-host --xml \"\u003chost mac='${mac_address}' ip='${ip_address}'/\u003e\" --live --config",
                            "vars.%": "3",
                            "vars.ip_address": "10.6.10.32",
                            "vars.mac_address": "32:87:02:43:26:32",
                            "vars.network_name": "network610"
                        },
                        "meta": {},
                        "tainted": false
                    },
                    "deposed": [],
                    "provider": "provider.template"
                },
                "data.template_file.vm_mon_dhcp_network.5": {
                    "type": "template_file",
                    "depends_on": [],
                    "primary": {
                        "id": "eabdfa56c674f641526b50596f643395fa03203cfb9e9e96cb1e3e4a8b4626f4",
                        "attributes": {
                            "id": "eabdfa56c674f641526b50596f643395fa03203cfb9e9e96cb1e3e4a8b4626f4",
                            "rendered": "virsh net-update network610 add-last ip-dhcp-host --xml \"\u003chost mac='32:87:02:43:26:33' ip='10.6.10.33'/\u003e\" --live --config",
                            "template": "virsh net-update ${network_name} add-last ip-dhcp-host --xml \"\u003chost mac='${mac_address}' ip='${ip_address}'/\u003e\" --live --config",
                            "vars.%": "3",
                            "vars.ip_address": "10.6.10.33",
                            "vars.mac_address": "32:87:02:43:26:33",
                            "vars.network_name": "network610"
                        },
                        "meta": {},
                        "tainted": false
                    },
                    "deposed": [],
                    "provider": "provider.template"
                },
                "libvirt_cloudinit.cloud_init_mon.0": {
                    "type": "libvirt_cloudinit",
                    "depends_on": [],
                    "primary": {
                        "id": "/data01/kvm-vol-pool/kube-iot-pool/kube-iot-master001_cloudinit.iso;5dad6d3a-a546-c073-2d78-67c6297b47e5",
                        "attributes": {
                            "id": "/data01/kvm-vol-pool/kube-iot-pool/kube-iot-master001_cloudinit.iso;5dad6d3a-a546-c073-2d78-67c6297b47e5",
                            "local_hostname": "kube-iot-master001",
                            "name": "kube-iot-master001_cloudinit.iso",
                            "pool": "kube-iot-pool",
                            "ssh_authorized_key": "ssh-rsa AAAAB3NzaC1yc2EAAAADAQABAAABAQDVfWqgJ1lYIr+AQrYvcc+wAt44MCVG4xN6qwJpxH8qD2lVelz5JGABZvHH/uvsa0l+CuvZlpFuK19zBmYri+hbudF60hsh4li1GdwW2ug2s5THvEWEFMu2ZJNc5ou2iNWiU0+FZ2YbTUtlsoa6wfhkQks2tUunmU/f7HokJTQtS9Z3b0EmG+Li6zC0HEdTYqGbNByd9EmKrywBahlLE2DuxzZiAyPKTJm/sT8a12rIJmuplHoaD/JddTPDFaDhEEtMkOodFbF2MXMj6b/iNOrcGnbbD1MFNOcwfdCEgyJLiCXn+uJLZb1k4J8rt2m3EnXWZAwtieUKqXaIVWmcmqPl root@cyuu",
                            "user_data": "#cloud-config\nchpasswd:\n  expire: false\npassword: password\nssh_authorized_keys:\n- ssh-rsa AAAAB3NzaC1yc2EAAAADAQABAAABAQDVfWqgJ1lYIr+AQrYvcc+wAt44MCVG4xN6qwJpxH8qD2lVelz5JGABZvHH/uvsa0l+CuvZlpFuK19zBmYri+hbudF60hsh4li1GdwW2ug2s5THvEWEFMu2ZJNc5ou2iNWiU0+FZ2YbTUtlsoa6wfhkQks2tUunmU/f7HokJTQtS9Z3b0EmG+Li6zC0HEdTYqGbNByd9EmKrywBahlLE2DuxzZiAyPKTJm/sT8a12rIJmuplHoaD/JddTPDFaDhEEtMkOodFbF2MXMj6b/iNOrcGnbbD1MFNOcwfdCEgyJLiCXn+uJLZb1k4J8rt2m3EnXWZAwtieUKqXaIVWmcmqPl\n  root@cyuu\nssh_pwauth: true\n"
                        },
                        "meta": {},
                        "tainted": false
                    },
                    "deposed": [],
                    "provider": "provider.libvirt"
                },
                "libvirt_cloudinit.cloud_init_mon.1": {
                    "type": "libvirt_cloudinit",
                    "depends_on": [],
                    "primary": {
                        "id": "/data01/kvm-vol-pool/kube-iot-pool/kube-iot-master002_cloudinit.iso;5dad6d3a-7a87-2a5c-77c7-687a98a7464c",
                        "attributes": {
                            "id": "/data01/kvm-vol-pool/kube-iot-pool/kube-iot-master002_cloudinit.iso;5dad6d3a-7a87-2a5c-77c7-687a98a7464c",
                            "local_hostname": "kube-iot-master002",
                            "name": "kube-iot-master002_cloudinit.iso",
                            "pool": "kube-iot-pool",
                            "ssh_authorized_key": "ssh-rsa AAAAB3NzaC1yc2EAAAADAQABAAABAQDVfWqgJ1lYIr+AQrYvcc+wAt44MCVG4xN6qwJpxH8qD2lVelz5JGABZvHH/uvsa0l+CuvZlpFuK19zBmYri+hbudF60hsh4li1GdwW2ug2s5THvEWEFMu2ZJNc5ou2iNWiU0+FZ2YbTUtlsoa6wfhkQks2tUunmU/f7HokJTQtS9Z3b0EmG+Li6zC0HEdTYqGbNByd9EmKrywBahlLE2DuxzZiAyPKTJm/sT8a12rIJmuplHoaD/JddTPDFaDhEEtMkOodFbF2MXMj6b/iNOrcGnbbD1MFNOcwfdCEgyJLiCXn+uJLZb1k4J8rt2m3EnXWZAwtieUKqXaIVWmcmqPl root@cyuu",
                            "user_data": "#cloud-config\nchpasswd:\n  expire: false\npassword: password\nssh_authorized_keys:\n- ssh-rsa AAAAB3NzaC1yc2EAAAADAQABAAABAQDVfWqgJ1lYIr+AQrYvcc+wAt44MCVG4xN6qwJpxH8qD2lVelz5JGABZvHH/uvsa0l+CuvZlpFuK19zBmYri+hbudF60hsh4li1GdwW2ug2s5THvEWEFMu2ZJNc5ou2iNWiU0+FZ2YbTUtlsoa6wfhkQks2tUunmU/f7HokJTQtS9Z3b0EmG+Li6zC0HEdTYqGbNByd9EmKrywBahlLE2DuxzZiAyPKTJm/sT8a12rIJmuplHoaD/JddTPDFaDhEEtMkOodFbF2MXMj6b/iNOrcGnbbD1MFNOcwfdCEgyJLiCXn+uJLZb1k4J8rt2m3EnXWZAwtieUKqXaIVWmcmqPl\n  root@cyuu\nssh_pwauth: true\n"
                        },
                        "meta": {},
                        "tainted": false
                    },
                    "deposed": [],
                    "provider": "provider.libvirt"
                },
                "libvirt_cloudinit.cloud_init_mon.2": {
                    "type": "libvirt_cloudinit",
                    "depends_on": [],
                    "primary": {
                        "id": "/data01/kvm-vol-pool/kube-iot-pool/kube-iot-master003_cloudinit.iso;5dad6d3a-8144-851e-a7e0-20a0cf588b94",
                        "attributes": {
                            "id": "/data01/kvm-vol-pool/kube-iot-pool/kube-iot-master003_cloudinit.iso;5dad6d3a-8144-851e-a7e0-20a0cf588b94",
                            "local_hostname": "kube-iot-master003",
                            "name": "kube-iot-master003_cloudinit.iso",
                            "pool": "kube-iot-pool",
                            "ssh_authorized_key": "ssh-rsa AAAAB3NzaC1yc2EAAAADAQABAAABAQDVfWqgJ1lYIr+AQrYvcc+wAt44MCVG4xN6qwJpxH8qD2lVelz5JGABZvHH/uvsa0l+CuvZlpFuK19zBmYri+hbudF60hsh4li1GdwW2ug2s5THvEWEFMu2ZJNc5ou2iNWiU0+FZ2YbTUtlsoa6wfhkQks2tUunmU/f7HokJTQtS9Z3b0EmG+Li6zC0HEdTYqGbNByd9EmKrywBahlLE2DuxzZiAyPKTJm/sT8a12rIJmuplHoaD/JddTPDFaDhEEtMkOodFbF2MXMj6b/iNOrcGnbbD1MFNOcwfdCEgyJLiCXn+uJLZb1k4J8rt2m3EnXWZAwtieUKqXaIVWmcmqPl root@cyuu",
                            "user_data": "#cloud-config\nchpasswd:\n  expire: false\npassword: password\nssh_authorized_keys:\n- ssh-rsa AAAAB3NzaC1yc2EAAAADAQABAAABAQDVfWqgJ1lYIr+AQrYvcc+wAt44MCVG4xN6qwJpxH8qD2lVelz5JGABZvHH/uvsa0l+CuvZlpFuK19zBmYri+hbudF60hsh4li1GdwW2ug2s5THvEWEFMu2ZJNc5ou2iNWiU0+FZ2YbTUtlsoa6wfhkQks2tUunmU/f7HokJTQtS9Z3b0EmG+Li6zC0HEdTYqGbNByd9EmKrywBahlLE2DuxzZiAyPKTJm/sT8a12rIJmuplHoaD/JddTPDFaDhEEtMkOodFbF2MXMj6b/iNOrcGnbbD1MFNOcwfdCEgyJLiCXn+uJLZb1k4J8rt2m3EnXWZAwtieUKqXaIVWmcmqPl\n  root@cyuu\nssh_pwauth: true\n"
                        },
                        "meta": {},
                        "tainted": false
                    },
                    "deposed": [],
                    "provider": "provider.libvirt"
                },
                "libvirt_cloudinit.cloud_init_mon.3": {
                    "type": "libvirt_cloudinit",
                    "depends_on": [],
                    "primary": {
                        "id": "/data01/kvm-vol-pool/kube-iot-pool/kube-iot-worker001_cloudinit.iso;5dad6d3a-f2e4-b8b8-3826-30e4785572e9",
                        "attributes": {
                            "id": "/data01/kvm-vol-pool/kube-iot-pool/kube-iot-worker001_cloudinit.iso;5dad6d3a-f2e4-b8b8-3826-30e4785572e9",
                            "local_hostname": "kube-iot-worker001",
                            "name": "kube-iot-worker001_cloudinit.iso",
                            "pool": "kube-iot-pool",
                            "ssh_authorized_key": "ssh-rsa AAAAB3NzaC1yc2EAAAADAQABAAABAQDVfWqgJ1lYIr+AQrYvcc+wAt44MCVG4xN6qwJpxH8qD2lVelz5JGABZvHH/uvsa0l+CuvZlpFuK19zBmYri+hbudF60hsh4li1GdwW2ug2s5THvEWEFMu2ZJNc5ou2iNWiU0+FZ2YbTUtlsoa6wfhkQks2tUunmU/f7HokJTQtS9Z3b0EmG+Li6zC0HEdTYqGbNByd9EmKrywBahlLE2DuxzZiAyPKTJm/sT8a12rIJmuplHoaD/JddTPDFaDhEEtMkOodFbF2MXMj6b/iNOrcGnbbD1MFNOcwfdCEgyJLiCXn+uJLZb1k4J8rt2m3EnXWZAwtieUKqXaIVWmcmqPl root@cyuu",
                            "user_data": "#cloud-config\nchpasswd:\n  expire: false\npassword: password\nssh_authorized_keys:\n- ssh-rsa AAAAB3NzaC1yc2EAAAADAQABAAABAQDVfWqgJ1lYIr+AQrYvcc+wAt44MCVG4xN6qwJpxH8qD2lVelz5JGABZvHH/uvsa0l+CuvZlpFuK19zBmYri+hbudF60hsh4li1GdwW2ug2s5THvEWEFMu2ZJNc5ou2iNWiU0+FZ2YbTUtlsoa6wfhkQks2tUunmU/f7HokJTQtS9Z3b0EmG+Li6zC0HEdTYqGbNByd9EmKrywBahlLE2DuxzZiAyPKTJm/sT8a12rIJmuplHoaD/JddTPDFaDhEEtMkOodFbF2MXMj6b/iNOrcGnbbD1MFNOcwfdCEgyJLiCXn+uJLZb1k4J8rt2m3EnXWZAwtieUKqXaIVWmcmqPl\n  root@cyuu\nssh_pwauth: true\n"
                        },
                        "meta": {},
                        "tainted": false
                    },
                    "deposed": [],
                    "provider": "provider.libvirt"
                },
                "libvirt_cloudinit.cloud_init_mon.4": {
                    "type": "libvirt_cloudinit",
                    "depends_on": [],
                    "primary": {
                        "id": "/data01/kvm-vol-pool/kube-iot-pool/kube-iot-worker002_cloudinit.iso;5dad6d3a-9ed6-2654-5e96-34af5af52c36",
                        "attributes": {
                            "id": "/data01/kvm-vol-pool/kube-iot-pool/kube-iot-worker002_cloudinit.iso;5dad6d3a-9ed6-2654-5e96-34af5af52c36",
                            "local_hostname": "kube-iot-worker002",
                            "name": "kube-iot-worker002_cloudinit.iso",
                            "pool": "kube-iot-pool",
                            "ssh_authorized_key": "ssh-rsa AAAAB3NzaC1yc2EAAAADAQABAAABAQDVfWqgJ1lYIr+AQrYvcc+wAt44MCVG4xN6qwJpxH8qD2lVelz5JGABZvHH/uvsa0l+CuvZlpFuK19zBmYri+hbudF60hsh4li1GdwW2ug2s5THvEWEFMu2ZJNc5ou2iNWiU0+FZ2YbTUtlsoa6wfhkQks2tUunmU/f7HokJTQtS9Z3b0EmG+Li6zC0HEdTYqGbNByd9EmKrywBahlLE2DuxzZiAyPKTJm/sT8a12rIJmuplHoaD/JddTPDFaDhEEtMkOodFbF2MXMj6b/iNOrcGnbbD1MFNOcwfdCEgyJLiCXn+uJLZb1k4J8rt2m3EnXWZAwtieUKqXaIVWmcmqPl root@cyuu",
                            "user_data": "#cloud-config\nchpasswd:\n  expire: false\npassword: password\nssh_authorized_keys:\n- ssh-rsa AAAAB3NzaC1yc2EAAAADAQABAAABAQDVfWqgJ1lYIr+AQrYvcc+wAt44MCVG4xN6qwJpxH8qD2lVelz5JGABZvHH/uvsa0l+CuvZlpFuK19zBmYri+hbudF60hsh4li1GdwW2ug2s5THvEWEFMu2ZJNc5ou2iNWiU0+FZ2YbTUtlsoa6wfhkQks2tUunmU/f7HokJTQtS9Z3b0EmG+Li6zC0HEdTYqGbNByd9EmKrywBahlLE2DuxzZiAyPKTJm/sT8a12rIJmuplHoaD/JddTPDFaDhEEtMkOodFbF2MXMj6b/iNOrcGnbbD1MFNOcwfdCEgyJLiCXn+uJLZb1k4J8rt2m3EnXWZAwtieUKqXaIVWmcmqPl\n  root@cyuu\nssh_pwauth: true\n"
                        },
                        "meta": {},
                        "tainted": false
                    },
                    "deposed": [],
                    "provider": "provider.libvirt"
                },
                "libvirt_cloudinit.cloud_init_mon.5": {
                    "type": "libvirt_cloudinit",
                    "depends_on": [],
                    "primary": {
                        "id": "/data01/kvm-vol-pool/kube-iot-pool/kube-iot-worker003_cloudinit.iso;5dad6d3a-8423-100d-3eed-850c7327b7f4",
                        "attributes": {
                            "id": "/data01/kvm-vol-pool/kube-iot-pool/kube-iot-worker003_cloudinit.iso;5dad6d3a-8423-100d-3eed-850c7327b7f4",
                            "local_hostname": "kube-iot-worker003",
                            "name": "kube-iot-worker003_cloudinit.iso",
                            "pool": "kube-iot-pool",
                            "ssh_authorized_key": "ssh-rsa AAAAB3NzaC1yc2EAAAADAQABAAABAQDVfWqgJ1lYIr+AQrYvcc+wAt44MCVG4xN6qwJpxH8qD2lVelz5JGABZvHH/uvsa0l+CuvZlpFuK19zBmYri+hbudF60hsh4li1GdwW2ug2s5THvEWEFMu2ZJNc5ou2iNWiU0+FZ2YbTUtlsoa6wfhkQks2tUunmU/f7HokJTQtS9Z3b0EmG+Li6zC0HEdTYqGbNByd9EmKrywBahlLE2DuxzZiAyPKTJm/sT8a12rIJmuplHoaD/JddTPDFaDhEEtMkOodFbF2MXMj6b/iNOrcGnbbD1MFNOcwfdCEgyJLiCXn+uJLZb1k4J8rt2m3EnXWZAwtieUKqXaIVWmcmqPl root@cyuu",
                            "user_data": "#cloud-config\nchpasswd:\n  expire: false\npassword: password\nssh_authorized_keys:\n- ssh-rsa AAAAB3NzaC1yc2EAAAADAQABAAABAQDVfWqgJ1lYIr+AQrYvcc+wAt44MCVG4xN6qwJpxH8qD2lVelz5JGABZvHH/uvsa0l+CuvZlpFuK19zBmYri+hbudF60hsh4li1GdwW2ug2s5THvEWEFMu2ZJNc5ou2iNWiU0+FZ2YbTUtlsoa6wfhkQks2tUunmU/f7HokJTQtS9Z3b0EmG+Li6zC0HEdTYqGbNByd9EmKrywBahlLE2DuxzZiAyPKTJm/sT8a12rIJmuplHoaD/JddTPDFaDhEEtMkOodFbF2MXMj6b/iNOrcGnbbD1MFNOcwfdCEgyJLiCXn+uJLZb1k4J8rt2m3EnXWZAwtieUKqXaIVWmcmqPl\n  root@cyuu\nssh_pwauth: true\n"
                        },
                        "meta": {},
                        "tainted": false
                    },
                    "deposed": [],
                    "provider": "provider.libvirt"
                },
                "null_resource.run_vm_mon_dhcp_network.0": {
                    "type": "null_resource",
                    "depends_on": [
                        "data.template_file.vm_mon_dhcp_network.*"
                    ],
                    "primary": {
                        "id": "2146138663483002839",
                        "attributes": {
                            "id": "2146138663483002839"
                        },
                        "meta": {},
                        "tainted": false
                    },
                    "deposed": [],
                    "provider": "provider.null"
                },
                "null_resource.run_vm_mon_dhcp_network.1": {
                    "type": "null_resource",
                    "depends_on": [
                        "data.template_file.vm_mon_dhcp_network.*"
                    ],
                    "primary": {
                        "id": "4381198227713023722",
                        "attributes": {
                            "id": "4381198227713023722"
                        },
                        "meta": {},
                        "tainted": false
                    },
                    "deposed": [],
                    "provider": "provider.null"
                },
                "null_resource.run_vm_mon_dhcp_network.2": {
                    "type": "null_resource",
                    "depends_on": [
                        "data.template_file.vm_mon_dhcp_network.*"
                    ],
                    "primary": {
                        "id": "7818643067938929957",
                        "attributes": {
                            "id": "7818643067938929957"
                        },
                        "meta": {},
                        "tainted": false
                    },
                    "deposed": [],
                    "provider": "provider.null"
                },
                "null_resource.run_vm_mon_dhcp_network.3": {
                    "type": "null_resource",
                    "depends_on": [
                        "data.template_file.vm_mon_dhcp_network.*"
                    ],
                    "primary": {
                        "id": "1569958595729763999",
                        "attributes": {
                            "id": "1569958595729763999"
                        },
                        "meta": {},
                        "tainted": false
                    },
                    "deposed": [],
                    "provider": "provider.null"
                },
                "null_resource.run_vm_mon_dhcp_network.4": {
                    "type": "null_resource",
                    "depends_on": [
                        "data.template_file.vm_mon_dhcp_network.*"
                    ],
                    "primary": {
                        "id": "3425573381566532826",
                        "attributes": {
                            "id": "3425573381566532826"
                        },
                        "meta": {},
                        "tainted": false
                    },
                    "deposed": [],
                    "provider": "provider.null"
                },
                "null_resource.run_vm_mon_dhcp_network.5": {
                    "type": "null_resource",
                    "depends_on": [
                        "data.template_file.vm_mon_dhcp_network.*"
                    ],
                    "primary": {
                        "id": "2611795387631133856",
                        "attributes": {
                            "id": "2611795387631133856"
                        },
                        "meta": {},
                        "tainted": false
                    },
                    "deposed": [],
                    "provider": "provider.null"
                }
            },
            "depends_on": []
        }
    ]
}
