{
    "version": 3,
    "terraform_version": "0.11.1",
    "serial": 1,
    "lineage": "eba7504d-25bf-4441-8795-30c5e029712c",
    "modules": [
        {
            "path": [
                "root"
            ],
            "outputs": {
                "network1-output1": {
                    "sensitive": false,
                    "type": "list",
                    "value": [
                        "virsh net-update network610 add-last ip-dhcp-host --xml \"\u003chost mac='32:87:02:43:26:02' ip='10.6.10.2'/\u003e\" --live --config"
                    ]
                }
            },
            "resources": {
                "data.template_file.deploy_dhcp_network": {
                    "type": "template_file",
                    "depends_on": [],
                    "primary": {
                        "id": "7dededf13b616d6dbe48c6cabc79087305edb8dd589c8349d4c81161b4bf35c3",
                        "attributes": {
                            "id": "7dededf13b616d6dbe48c6cabc79087305edb8dd589c8349d4c81161b4bf35c3",
                            "rendered": "virsh net-update network610 add-last ip-dhcp-host --xml \"\u003chost mac='32:87:02:43:26:02' ip='10.6.10.2'/\u003e\" --live --config",
                            "template": "virsh net-update ${network_name} add-last ip-dhcp-host --xml \"\u003chost mac='${mac_address}' ip='${ip_address}'/\u003e\" --live --config",
                            "vars.%": "3",
                            "vars.ip_address": "10.6.10.2",
                            "vars.mac_address": "32:87:02:43:26:02",
                            "vars.network_name": "network610"
                        },
                        "meta": {},
                        "tainted": false
                    },
                    "deposed": [],
                    "provider": "provider.template"
                },
                "data.template_file.vm_resize_deploy_root_volume": {
                    "type": "template_file",
                    "depends_on": [
                        "libvirt_volume.deploy_root_volume"
                    ],
                    "primary": {
                        "id": "e2f739ff41cf43edad527ffd3fee236f85e1fd2b2d8c5f90193029f5f2348d2c",
                        "attributes": {
                            "id": "e2f739ff41cf43edad527ffd3fee236f85e1fd2b2d8c5f90193029f5f2348d2c",
                            "rendered": "qemu-img resize /data01/kvm-vol-pool/kube-iot-pool/kube-iot-deploy_vol.img +70G",
                            "template": "qemu-img resize ${volume_path}/${volume_name} +${volume_size}G",
                            "vars.%": "3",
                            "vars.volume_name": "kube-iot-deploy_vol.img",
                            "vars.volume_path": "/data01/kvm-vol-pool/kube-iot-pool",
                            "vars.volume_size": "70"
                        },
                        "meta": {},
                        "tainted": false
                    },
                    "deposed": [],
                    "provider": "provider.template"
                },
                "libvirt_cloudinit.cloud_init_deploy": {
                    "type": "libvirt_cloudinit",
                    "depends_on": [],
                    "primary": {
                        "id": "/data01/kvm-vol-pool/kube-iot-pool/kube-iot-deploy_cloudinit.iso;5dad6d0b-3582-7a3e-1c13-35eb09a920ac",
                        "attributes": {
                            "id": "/data01/kvm-vol-pool/kube-iot-pool/kube-iot-deploy_cloudinit.iso;5dad6d0b-3582-7a3e-1c13-35eb09a920ac",
                            "local_hostname": "kube-iot-deploy",
                            "name": "kube-iot-deploy_cloudinit.iso",
                            "pool": "kube-iot-pool",
                            "ssh_authorized_key": "ssh-rsa AAAAB3NzaC1yc2EAAAADAQABAAABAQDVfWqgJ1lYIr+AQrYvcc+wAt44MCVG4xN6qwJpxH8qD2lVelz5JGABZvHH/uvsa0l+CuvZlpFuK19zBmYri+hbudF60hsh4li1GdwW2ug2s5THvEWEFMu2ZJNc5ou2iNWiU0+FZ2YbTUtlsoa6wfhkQks2tUunmU/f7HokJTQtS9Z3b0EmG+Li6zC0HEdTYqGbNByd9EmKrywBahlLE2DuxzZiAyPKTJm/sT8a12rIJmuplHoaD/JddTPDFaDhEEtMkOodFbF2MXMj6b/iNOrcGnbbD1MFNOcwfdCEgyJLiCXn+uJLZb1k4J8rt2m3EnXWZAwtieUKqXaIVWmcmqPl root@cyuu",
                            "user_data": "#cloud-config\nchpasswd:\n  expire: false\npassword: password\nssh_authorized_keys:\n- ssh-rsa AAAAB3NzaC1yc2EAAAADAQABAAABAQDVfWqgJ1lYIr+AQrYvcc+wAt44MCVG4xN6qwJpxH8qD2lVelz5JGABZvHH/uvsa0l+CuvZlpFuK19zBmYri+hbudF60hsh4li1GdwW2ug2s5THvEWEFMu2ZJNc5ou2iNWiU0+FZ2YbTUtlsoa6wfhkQks2tUunmU/f7HokJTQtS9Z3b0EmG+Li6zC0HEdTYqGbNByd9EmKrywBahlLE2DuxzZiAyPKTJm/sT8a12rIJmuplHoaD/JddTPDFaDhEEtMkOodFbF2MXMj6b/iNOrcGnbbD1MFNOcwfdCEgyJLiCXn+uJLZb1k4J8rt2m3EnXWZAwtieUKqXaIVWmcmqPl\n  root@cyuu\nssh_pwauth: true\n"
                        },
                        "meta": {},
                        "tainted": false
                    },
                    "deposed": [],
                    "provider": "provider.libvirt"
                },
                "libvirt_domain.deploy-vms": {
                    "type": "libvirt_domain",
                    "depends_on": [
                        "libvirt_cloudinit.cloud_init_deploy",
                        "libvirt_volume.deploy_root_volume"
                    ],
                    "primary": {
                        "id": "20e8e13a-7d77-4720-8988-593887d60698",
                        "attributes": {
                            "arch": "x86_64",
                            "autostart": "false",
                            "cloudinit": "/data01/kvm-vol-pool/kube-iot-pool/kube-iot-deploy_cloudinit.iso;5dad6d0b-3582-7a3e-1c13-35eb09a920ac",
                            "cmdline.#": "0",
                            "console.#": "1",
                            "console.0.source_path": "",
                            "console.0.target_port": "0",
                            "console.0.target_type": "serial",
                            "console.0.type": "pty",
                            "cpu.%": "1",
                            "cpu.mode": "host-passthrough",
                            "disk.#": "1",
                            "disk.0.%": "2",
                            "disk.0.pool": "kube-iot-pool",
                            "disk.0.volume_id": "/data01/kvm-vol-pool/kube-iot-pool/kube-iot-deploy_vol.img",
                            "emulator": "/usr/libexec/qemu-kvm",
                            "firmware": "",
                            "graphics.%": "3",
                            "graphics.autoport": "yes",
                            "graphics.listen_type": "address",
                            "graphics.type": "spice",
                            "id": "20e8e13a-7d77-4720-8988-593887d60698",
                            "initrd": "",
                            "kernel": "",
                            "machine": "pc",
                            "memory": "8192",
                            "name": "kube-iot-deploy",
                            "network_interface.#": "2",
                            "network_interface.0.addresses.#": "2",
                            "network_interface.0.addresses.0": "10.6.10.2",
                            "network_interface.0.addresses.1": "fe80::3087:2ff:fe43:2602",
                            "network_interface.0.bridge": "",
                            "network_interface.0.hostname": "",
                            "network_interface.0.mac": "32:87:02:43:26:02",
                            "network_interface.0.macvtap": "",
                            "network_interface.0.network_id": "e13fbb85-ef65-4253-8b8d-efaa67cbc727",
                            "network_interface.0.network_name": "network610",
                            "network_interface.0.passthrough": "",
                            "network_interface.0.vepa": "",
                            "network_interface.0.wait_for_lease": "true",
                            "network_interface.1.addresses.#": "0",
                            "network_interface.1.bridge": "br0",
                            "network_interface.1.hostname": "",
                            "network_interface.1.mac": "7A:91:56:BC:E6:78",
                            "network_interface.1.macvtap": "",
                            "network_interface.1.network_id": "",
                            "network_interface.1.network_name": "",
                            "network_interface.1.passthrough": "",
                            "network_interface.1.vepa": "",
                            "network_interface.1.wait_for_lease": "false",
                            "nvram.%": "0",
                            "vcpu": "3"
                        },
                        "meta": {
                            "e2bfb730-ecaa-11e6-8f88-34363bc7c4c0": {
                                "create": 300000000000
                            }
                        },
                        "tainted": false
                    },
                    "deposed": [],
                    "provider": "provider.libvirt"
                },
                "libvirt_volume.centos7_image": {
                    "type": "libvirt_volume",
                    "depends_on": [],
                    "primary": {
                        "id": "/data01/kvm-vol-pool/kube-iot-pool/centos7_image.qcow2",
                        "attributes": {
                            "id": "/data01/kvm-vol-pool/kube-iot-pool/centos7_image.qcow2",
                            "name": "centos7_image.qcow2",
                            "pool": "kube-iot-pool",
                            "size": "8589934592",
                            "source": "../images/CentOS-7-x86_64-GenericCloud-1907.qcow2"
                        },
                        "meta": {},
                        "tainted": false
                    },
                    "deposed": [],
                    "provider": "provider.libvirt"
                },
                "libvirt_volume.deploy_root_volume": {
                    "type": "libvirt_volume",
                    "depends_on": [
                        "libvirt_volume.centos7_image"
                    ],
                    "primary": {
                        "id": "/data01/kvm-vol-pool/kube-iot-pool/kube-iot-deploy_vol.img",
                        "attributes": {
                            "base_volume_id": "/data01/kvm-vol-pool/kube-iot-pool/centos7_image.qcow2",
                            "id": "/data01/kvm-vol-pool/kube-iot-pool/kube-iot-deploy_vol.img",
                            "name": "kube-iot-deploy_vol.img",
                            "pool": "kube-iot-pool",
                            "size": "8589934592"
                        },
                        "meta": {},
                        "tainted": false
                    },
                    "deposed": [],
                    "provider": "provider.libvirt"
                },
                "null_resource.run_deploy_dhcp_network": {
                    "type": "null_resource",
                    "depends_on": [
                        "data.template_file.deploy_dhcp_network"
                    ],
                    "primary": {
                        "id": "3206771562749617985",
                        "attributes": {
                            "id": "3206771562749617985"
                        },
                        "meta": {},
                        "tainted": false
                    },
                    "deposed": [],
                    "provider": "provider.null"
                },
                "null_resource.run_vm_resize_deploy_root_volume": {
                    "type": "null_resource",
                    "depends_on": [
                        "data.template_file.vm_resize_deploy_root_volume"
                    ],
                    "primary": {
                        "id": "8433743353753944338",
                        "attributes": {
                            "id": "8433743353753944338"
                        },
                        "meta": {},
                        "tainted": false
                    },
                    "deposed": [],
                    "provider": "provider.null"
                }
            },
            "depends_on": []
        }
    ]
}
